// !$*UTF8*$!
{
	archiveVersion = 1;
	classes = {
	};
	objectVersion = 55;
	objects = {

/* Begin PBXBuildFile section */
		27E8D6F36A81461EF431D2C2 /* Pods_Skeleton_TableView.framework in Frameworks */ = {isa = PBXBuildFile; fileRef = 650B0269CB01D5781DB448B3 /* Pods_Skeleton_TableView.framework */; };
		D26F554D2783475500E5ECCA /* AppDelegate.swift in Sources */ = {isa = PBXBuildFile; fileRef = D26F554C2783475500E5ECCA /* AppDelegate.swift */; };
		D26F554F2783475500E5ECCA /* SceneDelegate.swift in Sources */ = {isa = PBXBuildFile; fileRef = D26F554E2783475500E5ECCA /* SceneDelegate.swift */; };
		D26F55512783475500E5ECCA /* ContainerViewController.swift in Sources */ = {isa = PBXBuildFile; fileRef = D26F55502783475500E5ECCA /* ContainerViewController.swift */; };
		D26F55542783475500E5ECCA /* Main.storyboard in Resources */ = {isa = PBXBuildFile; fileRef = D26F55522783475500E5ECCA /* Main.storyboard */; };
		D26F55562783475600E5ECCA /* Assets.xcassets in Resources */ = {isa = PBXBuildFile; fileRef = D26F55552783475600E5ECCA /* Assets.xcassets */; };
		D26F55592783475600E5ECCA /* LaunchScreen.storyboard in Resources */ = {isa = PBXBuildFile; fileRef = D26F55572783475600E5ECCA /* LaunchScreen.storyboard */; };
		D2FF381F27857A8A00847075 /* MenuViewController.swift in Sources */ = {isa = PBXBuildFile; fileRef = D2FF381E27857A8A00847075 /* MenuViewController.swift */; };
		D2FF382127857AA700847075 /* HomeViewController.swift in Sources */ = {isa = PBXBuildFile; fileRef = D2FF382027857AA700847075 /* HomeViewController.swift */; };
		D2FF382327857ABF00847075 /* InfoViewController.swift in Sources */ = {isa = PBXBuildFile; fileRef = D2FF382227857ABF00847075 /* InfoViewController.swift */; };
		D2FF38252785972100847075 /* SettingsViewController.swift in Sources */ = {isa = PBXBuildFile; fileRef = D2FF38242785972100847075 /* SettingsViewController.swift */; };
		D2FF38272788CDEC00847075 /* AppRating.swift in Sources */ = {isa = PBXBuildFile; fileRef = D2FF38262788CDEC00847075 /* AppRating.swift */; };
		D2FF38292788CEE400847075 /* ShareAppViewController.swift in Sources */ = {isa = PBXBuildFile; fileRef = D2FF38282788CEE400847075 /* ShareAppViewController.swift */; };
/* End PBXBuildFile section */

/* Begin PBXFileReference section */
		650B0269CB01D5781DB448B3 /* Pods_Skeleton_TableView.framework */ = {isa = PBXFileReference; explicitFileType = wrapper.framework; includeInIndex = 0; path = Pods_Skeleton_TableView.framework; sourceTree = BUILT_PRODUCTS_DIR; };
		B412E78BEF732ABF9177627C /* Pods-Skeleton TableView.release.xcconfig */ = {isa = PBXFileReference; includeInIndex = 1; lastKnownFileType = text.xcconfig; name = "Pods-Skeleton TableView.release.xcconfig"; path = "Target Support Files/Pods-Skeleton TableView/Pods-Skeleton TableView.release.xcconfig"; sourceTree = "<group>"; };
		B5E3E71DF902D3E3D4AEC73D /* Pods-Skeleton TableView.debug.xcconfig */ = {isa = PBXFileReference; includeInIndex = 1; lastKnownFileType = text.xcconfig; name = "Pods-Skeleton TableView.debug.xcconfig"; path = "Target Support Files/Pods-Skeleton TableView/Pods-Skeleton TableView.debug.xcconfig"; sourceTree = "<group>"; };
		D26F55492783475500E5ECCA /* Skeleton TableView.app */ = {isa = PBXFileReference; explicitFileType = wrapper.application; includeInIndex = 0; path = "Skeleton TableView.app"; sourceTree = BUILT_PRODUCTS_DIR; };
		D26F554C2783475500E5ECCA /* AppDelegate.swift */ = {isa = PBXFileReference; lastKnownFileType = sourcecode.swift; path = AppDelegate.swift; sourceTree = "<group>"; };
		D26F554E2783475500E5ECCA /* SceneDelegate.swift */ = {isa = PBXFileReference; lastKnownFileType = sourcecode.swift; path = SceneDelegate.swift; sourceTree = "<group>"; };
		D26F55502783475500E5ECCA /* ContainerViewController.swift */ = {isa = PBXFileReference; lastKnownFileType = sourcecode.swift; path = ContainerViewController.swift; sourceTree = "<group>"; };
		D26F55532783475500E5ECCA /* Base */ = {isa = PBXFileReference; lastKnownFileType = file.storyboard; name = Base; path = Base.lproj/Main.storyboard; sourceTree = "<group>"; };
		D26F55552783475600E5ECCA /* Assets.xcassets */ = {isa = PBXFileReference; lastKnownFileType = folder.assetcatalog; path = Assets.xcassets; sourceTree = "<group>"; };
		D26F55582783475600E5ECCA /* Base */ = {isa = PBXFileReference; lastKnownFileType = file.storyboard; name = Base; path = Base.lproj/LaunchScreen.storyboard; sourceTree = "<group>"; };
		D26F555A2783475600E5ECCA /* Info.plist */ = {isa = PBXFileReference; lastKnownFileType = text.plist.xml; path = Info.plist; sourceTree = "<group>"; };
		D2FF381E27857A8A00847075 /* MenuViewController.swift */ = {isa = PBXFileReference; lastKnownFileType = sourcecode.swift; path = MenuViewController.swift; sourceTree = "<group>"; };
		D2FF382027857AA700847075 /* HomeViewController.swift */ = {isa = PBXFileReference; lastKnownFileType = sourcecode.swift; path = HomeViewController.swift; sourceTree = "<group>"; };
		D2FF382227857ABF00847075 /* InfoViewController.swift */ = {isa = PBXFileReference; lastKnownFileType = sourcecode.swift; path = InfoViewController.swift; sourceTree = "<group>"; };
		D2FF38242785972100847075 /* SettingsViewController.swift */ = {isa = PBXFileReference; lastKnownFileType = sourcecode.swift; path = SettingsViewController.swift; sourceTree = "<group>"; };
		D2FF38262788CDEC00847075 /* AppRating.swift */ = {isa = PBXFileReference; lastKnownFileType = sourcecode.swift; path = AppRating.swift; sourceTree = "<group>"; };
		D2FF38282788CEE400847075 /* ShareAppViewController.swift */ = {isa = PBXFileReference; lastKnownFileType = sourcecode.swift; path = ShareAppViewController.swift; sourceTree = "<group>"; };
/* End PBXFileReference section */

/* Begin PBXFrameworksBuildPhase section */
		D26F55462783475500E5ECCA /* Frameworks */ = {
			isa = PBXFrameworksBuildPhase;
			buildActionMask = 2147483647;
			files = (
				27E8D6F36A81461EF431D2C2 /* Pods_Skeleton_TableView.framework in Frameworks */,
			);
			runOnlyForDeploymentPostprocessing = 0;
		};
/* End PBXFrameworksBuildPhase section */

/* Begin PBXGroup section */
		56CC0ABDCB8D280BF3BEDC37 /* Pods */ = {
			isa = PBXGroup;
			children = (
				B5E3E71DF902D3E3D4AEC73D /* Pods-Skeleton TableView.debug.xcconfig */,
				B412E78BEF732ABF9177627C /* Pods-Skeleton TableView.release.xcconfig */,
			);
			path = Pods;
			sourceTree = "<group>";
		};
		D26F55402783475500E5ECCA = {
			isa = PBXGroup;
			children = (
				D26F554B2783475500E5ECCA /* Skeleton TableView */,
				D26F554A2783475500E5ECCA /* Products */,
				56CC0ABDCB8D280BF3BEDC37 /* Pods */,
				F45DE18F5C7E1B573606A58E /* Frameworks */,
			);
			sourceTree = "<group>";
		};
		D26F554A2783475500E5ECCA /* Products */ = {
			isa = PBXGroup;
			children = (
				D26F55492783475500E5ECCA /* Skeleton TableView.app */,
			);
			name = Products;
			sourceTree = "<group>";
		};
		D26F554B2783475500E5ECCA /* Skeleton TableView */ = {
			isa = PBXGroup;
			children = (
				D26F554C2783475500E5ECCA /* AppDelegate.swift */,
				D26F554E2783475500E5ECCA /* SceneDelegate.swift */,
				D26F55502783475500E5ECCA /* ContainerViewController.swift */,
				D2FF381E27857A8A00847075 /* MenuViewController.swift */,
				D2FF382027857AA700847075 /* HomeViewController.swift */,
				D2FF38262788CDEC00847075 /* AppRating.swift */,
				D2FF38282788CEE400847075 /* ShareAppViewController.swift */,
				D2FF38242785972100847075 /* SettingsViewController.swift */,
				D2FF382227857ABF00847075 /* InfoViewController.swift */,
				D26F55522783475500E5ECCA /* Main.storyboard */,
				D26F55552783475600E5ECCA /* Assets.xcassets */,
				D26F55572783475600E5ECCA /* LaunchScreen.storyboard */,
				D26F555A2783475600E5ECCA /* Info.plist */,
			);
			path = "Skeleton TableView";
			sourceTree = "<group>";
		};
		F45DE18F5C7E1B573606A58E /* Frameworks */ = {
			isa = PBXGroup;
			children = (
				650B0269CB01D5781DB448B3 /* Pods_Skeleton_TableView.framework */,
			);
			name = Frameworks;
			sourceTree = "<group>";
		};
/* End PBXGroup section */

/* Begin PBXNativeTarget section */
		D26F55482783475500E5ECCA /* Skeleton TableView */ = {
			isa = PBXNativeTarget;
			buildConfigurationList = D26F555D2783475600E5ECCA /* Build configuration list for PBXNativeTarget "Skeleton TableView" */;
			buildPhases = (
				4CE73E3A1D58F89C0A30F8DA /* [CP] Check Pods Manifest.lock */,
				D26F55452783475500E5ECCA /* Sources */,
				D26F55462783475500E5ECCA /* Frameworks */,
				D26F55472783475500E5ECCA /* Resources */,
				9C114D8AD227AEB592934C1C /* [CP] Embed Pods Frameworks */,
			);
			buildRules = (
			);
			dependencies = (
			);
			name = "Skeleton TableView";
			productName = "Skeleton TableView";
			productReference = D26F55492783475500E5ECCA /* Skeleton TableView.app */;
			productType = "com.apple.product-type.application";
		};
/* End PBXNativeTarget section */

/* Begin PBXProject section */
		D26F55412783475500E5ECCA /* Project object */ = {
			isa = PBXProject;
			attributes = {
				BuildIndependentTargetsInParallel = 1;
				LastSwiftUpdateCheck = 1310;
				LastUpgradeCheck = 1310;
				TargetAttributes = {
					D26F55482783475500E5ECCA = {
						CreatedOnToolsVersion = 13.1;
					};
				};
			};
			buildConfigurationList = D26F55442783475500E5ECCA /* Build configuration list for PBXProject "Skeleton TableView" */;
			compatibilityVersion = "Xcode 13.0";
			developmentRegion = en;
			hasScannedForEncodings = 0;
			knownRegions = (
				en,
				Base,
			);
			mainGroup = D26F55402783475500E5ECCA;
			productRefGroup = D26F554A2783475500E5ECCA /* Products */;
			projectDirPath = "";
			projectRoot = "";
			targets = (
				D26F55482783475500E5ECCA /* Skeleton TableView */,
			);
		};
/* End PBXProject section */

/* Begin PBXResourcesBuildPhase section */
		D26F55472783475500E5ECCA /* Resources */ = {
			isa = PBXResourcesBuildPhase;
			buildActionMask = 2147483647;
			files = (
				D26F55592783475600E5ECCA /* LaunchScreen.storyboard in Resources */,
				D26F55562783475600E5ECCA /* Assets.xcassets in Resources */,
				D26F55542783475500E5ECCA /* Main.storyboard in Resources */,
			);
			runOnlyForDeploymentPostprocessing = 0;
		};
/* End PBXResourcesBuildPhase section */

/* Begin PBXShellScriptBuildPhase section */
		4CE73E3A1D58F89C0A30F8DA /* [CP] Check Pods Manifest.lock */ = {
			isa = PBXShellScriptBuildPhase;
			buildActionMask = 2147483647;
			files = (
			);
			inputFileListPaths = (
			);
			inputPaths = (
				"${PODS_PODFILE_DIR_PATH}/Podfile.lock",
				"${PODS_ROOT}/Manifest.lock",
			);
			name = "[CP] Check Pods Manifest.lock";
			outputFileListPaths = (
			);
			outputPaths = (
				"$(DERIVED_FILE_DIR)/Pods-Skeleton TableView-checkManifestLockResult.txt",
			);
			runOnlyForDeploymentPostprocessing = 0;
			shellPath = /bin/sh;
			shellScript = "diff \"${PODS_PODFILE_DIR_PATH}/Podfile.lock\" \"${PODS_ROOT}/Manifest.lock\" > /dev/null\nif [ $? != 0 ] ; then\n    # print error to STDERR\n    echo \"error: The sandbox is not in sync with the Podfile.lock. Run 'pod install' or update your CocoaPods installation.\" >&2\n    exit 1\nfi\n# This output is used by Xcode 'outputs' to avoid re-running this script phase.\necho \"SUCCESS\" > \"${SCRIPT_OUTPUT_FILE_0}\"\n";
			showEnvVarsInLog = 0;
		};
		9C114D8AD227AEB592934C1C /* [CP] Embed Pods Frameworks */ = {
			isa = PBXShellScriptBuildPhase;
			buildActionMask = 2147483647;
			files = (
			);
			inputFileListPaths = (
				"${PODS_ROOT}/Target Support Files/Pods-Skeleton TableView/Pods-Skeleton TableView-frameworks-${CONFIGURATION}-input-files.xcfilelist",
			);
			name = "[CP] Embed Pods Frameworks";
			outputFileListPaths = (
				"${PODS_ROOT}/Target Support Files/Pods-Skeleton TableView/Pods-Skeleton TableView-frameworks-${CONFIGURATION}-output-files.xcfilelist",
			);
			runOnlyForDeploymentPostprocessing = 0;
			shellPath = /bin/sh;
			shellScript = "\"${PODS_ROOT}/Target Support Files/Pods-Skeleton TableView/Pods-Skeleton TableView-frameworks.sh\"\n";
			showEnvVarsInLog = 0;
		};
/* End PBXShellScriptBuildPhase section */

/* Begin PBXSourcesBuildPhase section */
		D26F55452783475500E5ECCA /* Sources */ = {
			isa = PBXSourcesBuildPhase;
			buildActionMask = 2147483647;
			files = (
				D2FF38272788CDEC00847075 /* AppRating.swift in Sources */,
				D2FF382127857AA700847075 /* HomeViewController.swift in Sources */,
				D26F55512783475500E5ECCA /* ContainerViewController.swift in Sources */,
				D2FF38252785972100847075 /* SettingsViewController.swift in Sources */,
				D26F554D2783475500E5ECCA /* AppDelegate.swift in Sources */,
				D26F554F2783475500E5ECCA /* SceneDelegate.swift in Sources */,
				D2FF382327857ABF00847075 /* InfoViewController.swift in Sources */,
				D2FF381F27857A8A00847075 /* MenuViewController.swift in Sources */,
				D2FF38292788CEE400847075 /* ShareAppViewController.swift in Sources */,
			);
			runOnlyForDeploymentPostprocessing = 0;
		};
/* End PBXSourcesBuildPhase section */

/* Begin PBXVariantGroup section */
		D26F55522783475500E5ECCA /* Main.storyboard */ = {
			isa = PBXVariantGroup;
			children = (
				D26F55532783475500E5ECCA /* Base */,
			);
			name = Main.storyboard;
			sourceTree = "<group>";
		};
		D26F55572783475600E5ECCA /* LaunchScreen.storyboard */ = {
			isa = PBXVariantGroup;
			children = (
				D26F55582783475600E5ECCA /* Base */,
			);
			name = LaunchScreen.storyboard;
			sourceTree = "<group>";
		};
/* End PBXVariantGroup section */

/* Begin XCBuildConfiguration section */
		D26F555B2783475600E5ECCA /* Debug */ = {
			isa = XCBuildConfiguration;
			buildSettings = {
				ALWAYS_SEARCH_USER_PATHS = NO;
				CLANG_ANALYZER_NONNULL = YES;
				CLANG_ANALYZER_NUMBER_OBJECT_CONVERSION = YES_AGGRESSIVE;
				CLANG_CXX_LANGUAGE_STANDARD = "gnu++17";
				CLANG_CXX_LIBRARY = "libc++";
				CLANG_ENABLE_MODULES = YES;
				CLANG_ENABLE_OBJC_ARC = YES;
				CLANG_ENABLE_OBJC_WEAK = YES;
				CLANG_WARN_BLOCK_CAPTURE_AUTORELEASING = YES;
				CLANG_WARN_BOOL_CONVERSION = YES;
				CLANG_WARN_COMMA = YES;
				CLANG_WARN_CONSTANT_CONVERSION = YES;
				CLANG_WARN_DEPRECATED_OBJC_IMPLEMENTATIONS = YES;
				CLANG_WARN_DIRECT_OBJC_ISA_USAGE = YES_ERROR;
				CLANG_WARN_DOCUMENTATION_COMMENTS = YES;
				CLANG_WARN_EMPTY_BODY = YES;
				CLANG_WARN_ENUM_CONVERSION = YES;
				CLANG_WARN_INFINITE_RECURSION = YES;
				CLANG_WARN_INT_CONVERSION = YES;
				CLANG_WARN_NON_LITERAL_NULL_CONVERSION = YES;
				CLANG_WARN_OBJC_IMPLICIT_RETAIN_SELF = YES;
				CLANG_WARN_OBJC_LITERAL_CONVERSION = YES;
				CLANG_WARN_OBJC_ROOT_CLASS = YES_ERROR;
				CLANG_WARN_QUOTED_INCLUDE_IN_FRAMEWORK_HEADER = YES;
				CLANG_WARN_RANGE_LOOP_ANALYSIS = YES;
				CLANG_WARN_STRICT_PROTOTYPES = YES;
				CLANG_WARN_SUSPICIOUS_MOVE = YES;
				CLANG_WARN_UNGUARDED_AVAILABILITY = YES_AGGRESSIVE;
				CLANG_WARN_UNREACHABLE_CODE = YES;
				CLANG_WARN__DUPLICATE_METHOD_MATCH = YES;
				COPY_PHASE_STRIP = NO;
				DEBUG_INFORMATION_FORMAT = dwarf;
				ENABLE_STRICT_OBJC_MSGSEND = YES;
				ENABLE_TESTABILITY = YES;
				GCC_C_LANGUAGE_STANDARD = gnu11;
				GCC_DYNAMIC_NO_PIC = NO;
				GCC_NO_COMMON_BLOCKS = YES;
				GCC_OPTIMIZATION_LEVEL = 0;
				GCC_PREPROCESSOR_DEFINITIONS = (
					"DEBUG=1",
					"$(inherited)",
				);
				GCC_WARN_64_TO_32_BIT_CONVERSION = YES;
				GCC_WARN_ABOUT_RETURN_TYPE = YES_ERROR;
				GCC_WARN_UNDECLARED_SELECTOR = YES;
				GCC_WARN_UNINITIALIZED_AUTOS = YES_AGGRESSIVE;
				GCC_WARN_UNUSED_FUNCTION = YES;
				GCC_WARN_UNUSED_VARIABLE = YES;
				IPHONEOS_DEPLOYMENT_TARGET = 15.0;
				MTL_ENABLE_DEBUG_INFO = INCLUDE_SOURCE;
				MTL_FAST_MATH = YES;
				ONLY_ACTIVE_ARCH = YES;
				SDKROOT = iphoneos;
				SWIFT_ACTIVE_COMPILATION_CONDITIONS = DEBUG;
				SWIFT_OPTIMIZATION_LEVEL = "-Onone";
			};
			name = Debug;
		};
		D26F555C2783475600E5ECCA /* Release */ = {
			isa = XCBuildConfiguration;
			buildSettings = {
				ALWAYS_SEARCH_USER_PATHS = NO;
				CLANG_ANALYZER_NONNULL = YES;
				CLANG_ANALYZER_NUMBER_OBJECT_CONVERSION = YES_AGGRESSIVE;
				CLANG_CXX_LANGUAGE_STANDARD = "gnu++17";
				CLANG_CXX_LIBRARY = "libc++";
				CLANG_ENABLE_MODULES = YES;
				CLANG_ENABLE_OBJC_ARC = YES;
				CLANG_ENABLE_OBJC_WEAK = YES;
				CLANG_WARN_BLOCK_CAPTURE_AUTORELEASING = YES;
				CLANG_WARN_BOOL_CONVERSION = YES;
				CLANG_WARN_COMMA = YES;
				CLANG_WARN_CONSTANT_CONVERSION = YES;
				CLANG_WARN_DEPRECATED_OBJC_IMPLEMENTATIONS = YES;
				CLANG_WARN_DIRECT_OBJC_ISA_USAGE = YES_ERROR;
				CLANG_WARN_DOCUMENTATION_COMMENTS = YES;
				CLANG_WARN_EMPTY_BODY = YES;
				CLANG_WARN_ENUM_CONVERSION = YES;
				CLANG_WARN_INFINITE_RECURSION = YES;
				CLANG_WARN_INT_CONVERSION = YES;
				CLANG_WARN_NON_LITERAL_NULL_CONVERSION = YES;
				CLANG_WARN_OBJC_IMPLICIT_RETAIN_SELF = YES;
				CLANG_WARN_OBJC_LITERAL_CONVERSION = YES;
				CLANG_WARN_OBJC_ROOT_CLASS = YES_ERROR;
				CLANG_WARN_QUOTED_INCLUDE_IN_FRAMEWORK_HEADER = YES;
				CLANG_WARN_RANGE_LOOP_ANALYSIS = YES;
				CLANG_WARN_STRICT_PROTOTYPES = YES;
				CLANG_WARN_SUSPICIOUS_MOVE = YES;
				CLANG_WARN_UNGUARDED_AVAILABILITY = YES_AGGRESSIVE;
				CLANG_WARN_UNREACHABLE_CODE = YES;
				CLANG_WARN__DUPLICATE_METHOD_MATCH = YES;
				COPY_PHASE_STRIP = NO;
				DEBUG_INFORMATION_FORMAT = "dwarf-with-dsym";
				ENABLE_NS_ASSERTIONS = NO;
				ENABLE_STRICT_OBJC_MSGSEND = YES;
				GCC_C_LANGUAGE_STANDARD = gnu11;
				GCC_NO_COMMON_BLOCKS = YES;
				GCC_WARN_64_TO_32_BIT_CONVERSION = YES;
				GCC_WARN_ABOUT_RETURN_TYPE = YES_ERROR;
				GCC_WARN_UNDECLARED_SELECTOR = YES;
				GCC_WARN_UNINITIALIZED_AUTOS = YES_AGGRESSIVE;
				GCC_WARN_UNUSED_FUNCTION = YES;
				GCC_WARN_UNUSED_VARIABLE = YES;
				IPHONEOS_DEPLOYMENT_TARGET = 15.0;
				MTL_ENABLE_DEBUG_INFO = NO;
				MTL_FAST_MATH = YES;
				SDKROOT = iphoneos;
				SWIFT_COMPILATION_MODE = wholemodule;
				SWIFT_OPTIMIZATION_LEVEL = "-O";
				VALIDATE_PRODUCT = YES;
			};
			name = Release;
		};
		D26F555E2783475600E5ECCA /* Debug */ = {
			isa = XCBuildConfiguration;
			baseConfigurationReference = B5E3E71DF902D3E3D4AEC73D /* Pods-Skeleton TableView.debug.xcconfig */;
			buildSettings = {
				ASSETCATALOG_COMPILER_APPICON_NAME = AppIcon;
				ASSETCATALOG_COMPILER_GLOBAL_ACCENT_COLOR_NAME = AccentColor;
				CODE_SIGN_STYLE = Automatic;
				CURRENT_PROJECT_VERSION = 1;
				DEVELOPMENT_TEAM = UJ8B9FFXUA;
				GENERATE_INFOPLIST_FILE = YES;
				INFOPLIST_FILE = "Skeleton TableView/Info.plist";
				INFOPLIST_KEY_UIApplicationSupportsIndirectInputEvents = YES;
				INFOPLIST_KEY_UILaunchStoryboardName = LaunchScreen;
				INFOPLIST_KEY_UIMainStoryboardFile = Main;
				INFOPLIST_KEY_UISupportedInterfaceOrientations_iPad = "UIInterfaceOrientationPortrait UIInterfaceOrientationPortraitUpsideDown UIInterfaceOrientationLandscapeLeft UIInterfaceOrientationLandscapeRight";
				INFOPLIST_KEY_UISupportedInterfaceOrientations_iPhone = "UIInterfaceOrientationPortrait UIInterfaceOrientationLandscapeLeft UIInterfaceOrientationLandscapeRight";
				LD_RUNPATH_SEARCH_PATHS = (
					"$(inherited)",
					"@executable_path/Frameworks",
				);
				MARKETING_VERSION = 1.0;
				PRODUCT_BUNDLE_IDENTIFIER = "kiko.Skeleton-TableView";
				PRODUCT_NAME = "$(TARGET_NAME)";
				SWIFT_EMIT_LOC_STRINGS = YES;
				SWIFT_VERSION = 5.0;
				TARGETED_DEVICE_FAMILY = "1,2";
			};
			name = Debug;
		};
		D26F555F2783475600E5ECCA /* Release */ = {
			isa = XCBuildConfiguration;
			baseConfigurationReference = B412E78BEF732ABF9177627C /* Pods-Skeleton TableView.release.xcconfig */;
			buildSettings = {
				ASSETCATALOG_COMPILER_APPICON_NAME = AppIcon;
				ASSETCATALOG_COMPILER_GLOBAL_ACCENT_COLOR_NAME = AccentColor;
				CODE_SIGN_STYLE = Automatic;
				CURRENT_PROJECT_VERSION = 1;
				DEVELOPMENT_TEAM = UJ8B9FFXUA;
				GENERATE_INFOPLIST_FILE = YES;
				INFOPLIST_FILE = "Skeleton TableView/Info.plist";
				INFOPLIST_KEY_UIApplicationSupportsIndirectInputEvents = YES;
				INFOPLIST_KEY_UILaunchStoryboardName = LaunchScreen;
				INFOPLIST_KEY_UIMainStoryboardFile = Main;
				INFOPLIST_KEY_UISupportedInterfaceOrientations_iPad = "UIInterfaceOrientationPortrait UIInterfaceOrientationPortraitUpsideDown UIInterfaceOrientationLandscapeLeft UIInterfaceOrientationLandscapeRight";
				INFOPLIST_KEY_UISupportedInterfaceOrientations_iPhone = "UIInterfaceOrientationPortrait UIInterfaceOrientationLandscapeLeft UIInterfaceOrientationLandscapeRight";
				LD_RUNPATH_SEARCH_PATHS = (
					"$(inherited)",
					"@executable_path/Frameworks",
				);
				MARKETING_VERSION = 1.0;
				PRODUCT_BUNDLE_IDENTIFIER = "kiko.Skeleton-TableView";
				PRODUCT_NAME = "$(TARGET_NAME)";
				SWIFT_EMIT_LOC_STRINGS = YES;
				SWIFT_VERSION = 5.0;
				TARGETED_DEVICE_FAMILY = "1,2";
			};
			name = Release;
		};
/* End XCBuildConfiguration section */

/* Begin XCConfigurationList section */
		D26F55442783475500E5ECCA /* Build configuration list for PBXProject "Skeleton TableView" */ = {
			isa = XCConfigurationList;
			buildConfigurations = (
				D26F555B2783475600E5ECCA /* Debug */,
				D26F555C2783475600E5ECCA /* Release */,
			);
			defaultConfigurationIsVisible = 0;
			defaultConfigurationName = Release;
		};
		D26F555D2783475600E5ECCA /* Build configuration list for PBXNativeTarget "Skeleton TableView" */ = {
			isa = XCConfigurationList;
			buildConfigurations = (
				D26F555E2783475600E5ECCA /* Debug */,
				D26F555F2783475600E5ECCA /* Release */,
			);
			defaultConfigurationIsVisible = 0;
			defaultConfigurationName = Release;
		};
/* End XCConfigurationList section */
	};
	rootObject = D26F55412783475500E5ECCA /* Project object */;
}
